
Microsoft Visual Studio Solution File, Format Version 12.00
# Visual Studio 15
VisualStudioVersion = 15.0.28307.421
MinimumVisualStudioVersion = 10.0.40219.1
Project("{FAE04EC0-301F-11D3-BF4B-00C04F79EFBC}") = "DirectDepositTool", "DirectDepositTool.csproj", "{C6EB6762-2C01-4257-80C5-C288B814F3EE}"
EndProject
Global
	GlobalSection(SolutionConfigurationPlatforms) = preSolution
		Debug|Any CPU = Debug|Any CPU
		Release|Any CPU = Release|Any CPU
	EndGlobalSection
	GlobalSection(ProjectConfigurationPlatforms) = postSolution
		{C6EB6762-2C01-4257-80C5-C288B814F3EE}.Debug|Any CPU.ActiveCfg = Debug|Any CPU
		{C6EB6762-2C01-4257-80C5-C288B814F3EE}.Debug|Any CPU.Build.0 = Debug|Any CPU
		{C6EB6762-2C01-4257-80C5-C288B814F3EE}.Release|Any CPU.ActiveCfg = Release|Any CPU
		{C6EB6762-2C01-4257-80C5-C288B814F3EE}.Release|Any CPU.Build.0 = Release|Any CPU
	EndGlobalSection
	GlobalSection(SolutionProperties) = preSolution
		HideSolutionNode = FALSE
	EndGlobalSection
	GlobalSection(ExtensibilityGlobals) = postSolution
		SolutionGuid = {EF464A83-A737-4586-9B6C-1A8938A7A609}
	EndGlobalSection
EndGlobal
